
Microsoft Visual Studio Solution File, Format Version 12.00
# Visual Studio 15
Project("{FAE04EC0-301F-11D3-BF4B-00C04F79EFBC}") = "Unity.Timeline", "Unity.Timeline.csproj", "{56560DE5-1F02-4399-4689-86FED9D11356}"
EndProject
Project("{FAE04EC0-301F-11D3-BF4B-00C04F79EFBC}") = "Unity.Timeline.Editor", "Unity.Timeline.Editor.csproj", "{ADBF53EB-F4E2-20C6-7867-A8F12E458675}"
EndProject
Project("{FAE04EC0-301F-11D3-BF4B-00C04F79EFBC}") = "Unity.TextMeshPro.Editor", "Unity.TextMeshPro.Editor.csproj", "{2E510AF3-9542-6C9F-7A00-C34FF7E46590}"
EndProject
Project("{FAE04EC0-301F-11D3-BF4B-00C04F79EFBC}") = "Unity.VisualScripting.Flow", "Unity.VisualScripting.Flow.csproj", "{68024786-E92C-2B36-288B-BA25775158F3}"
EndProject
Project("{FAE04EC0-301F-11D3-BF4B-00C04F79EFBC}") = "Unity.PlasticSCM.Editor", "Unity.PlasticSCM.Editor.csproj", "{24A5EB1F-4742-810F-E03D-16337B163A52}"
EndProject
Project("{FAE04EC0-301F-11D3-BF4B-00C04F79EFBC}") = "Unity.VisualScripting.Core", "Unity.VisualScripting.Core.csproj", "{01B889F5-CA08-8FE1-BD9E-66904E056ACE}"
EndProject
Project("{FAE04EC0-301F-11D3-BF4B-00C04F79EFBC}") = "Unity.VisualScripting.Core.Editor", "Unity.VisualScripting.Core.Editor.csproj", "{09A4FCA7-F183-4D21-36FA-67707B400AAA}"
EndProject
Project("{FAE04EC0-301F-11D3-BF4B-00C04F79EFBC}") = "Unity.VisualScripting.Flow.Editor", "Unity.VisualScripting.Flow.Editor.csproj", "{71ACD4FC-75F5-42D7-7A42-FA73A69E5D60}"
EndProject
Project("{FAE04EC0-301F-11D3-BF4B-00C04F79EFBC}") = "UnityEditor.TestRunner", "UnityEditor.TestRunner.csproj", "{14339ACF-32C1-08E2-343E-F5F3268DC66A}"
EndProject
Project("{FAE04EC0-301F-11D3-BF4B-00C04F79EFBC}") = "Unity.VisualScripting.SettingsProvider.Editor", "Unity.VisualScripting.SettingsProvider.Editor.csproj", "{CA0F9C2B-B9F3-5B24-29DC-7AEC51087A53}"
EndProject
Project("{FAE04EC0-301F-11D3-BF4B-00C04F79EFBC}") = "UnityEngine.TestRunner", "UnityEngine.TestRunner.csproj", "{AF3C8BAC-46AF-A733-A9AC-304CA199D42F}"
EndProject
Project("{FAE04EC0-301F-11D3-BF4B-00C04F79EFBC}") = "Unity.VisualStudio.Editor", "Unity.VisualStudio.Editor.csproj", "{90293987-058C-1C08-154B-6753018ACAA9}"
EndProject
Project("{FAE04EC0-301F-11D3-BF4B-00C04F79EFBC}") = "Unity.TestTools.CodeCoverage.Editor.OpenCover.Model", "Unity.TestTools.CodeCoverage.Editor.OpenCover.Model.csproj", "{2F521428-A287-7BE3-6693-CD5B33DDD66D}"
EndProject
Project("{FAE04EC0-301F-11D3-BF4B-00C04F79EFBC}") = "Unity.Rider.Editor", "Unity.Rider.Editor.csproj", "{1A8AD1FB-3E53-8331-994D-05EDD9050A2B}"
EndProject
Project("{FAE04EC0-301F-11D3-BF4B-00C04F79EFBC}") = "Unity.VisualScripting.State.Editor", "Unity.VisualScripting.State.Editor.csproj", "{CA0302AA-F614-75CB-1943-3C89C1C7D317}"
EndProject
Project("{FAE04EC0-301F-11D3-BF4B-00C04F79EFBC}") = "Unity.TestTools.CodeCoverage.Editor", "Unity.TestTools.CodeCoverage.Editor.csproj", "{38A50BA5-6725-B6F3-6118-EB2D97A8E976}"
EndProject
Project("{FAE04EC0-301F-11D3-BF4B-00C04F79EFBC}") = "Unity.VisualScripting.State", "Unity.VisualScripting.State.csproj", "{D8C42B0E-E728-DD21-DCB4-DB5D34CAFF4E}"
EndProject
Project("{FAE04EC0-301F-11D3-BF4B-00C04F79EFBC}") = "Assembly-CSharp", "Assembly-CSharp.csproj", "{F2A9797C-0D35-57BD-B7F6-30ACC0B7E2CB}"
EndProject
Project("{FAE04EC0-301F-11D3-BF4B-00C04F79EFBC}") = "Unity.TextMeshPro", "Unity.TextMeshPro.csproj", "{918E7969-5DB5-FA88-2233-905CC807DFCD}"
EndProject
Project("{FAE04EC0-301F-11D3-BF4B-00C04F79EFBC}") = "Unity.Performance.Profile-Analyzer.Editor", "Unity.Performance.Profile-Analyzer.Editor.csproj", "{B9A78C0B-A07C-0E19-20B6-B1BF2B8EAFFE}"
EndProject
Project("{FAE04EC0-301F-11D3-BF4B-00C04F79EFBC}") = "Unity.VSCode.Editor", "Unity.VSCode.Editor.csproj", "{9E6278F8-21AF-0871-6AB4-8E7AA44168BF}"
EndProject
Project("{FAE04EC0-301F-11D3-BF4B-00C04F79EFBC}") = "Unity.TestTools.CodeCoverage.Editor.OpenCover.Mono.Reflection", "Unity.TestTools.CodeCoverage.Editor.OpenCover.Mono.Reflection.csproj", "{8B19DA5C-25BB-54A6-01B7-F039D9EE5775}"
EndProject
Project("{FAE04EC0-301F-11D3-BF4B-00C04F79EFBC}") = "Unity.Settings.Editor", "Unity.Settings.Editor.csproj", "{C423E541-CCF7-DF34-F68D-B943C5D51086}"
EndProject
Project("{FAE04EC0-301F-11D3-BF4B-00C04F79EFBC}") = "Unity.EditorCoroutines.Editor", "Unity.EditorCoroutines.Editor.csproj", "{20B44597-F538-B2E8-4BFB-0C98F75F0776}"
EndProject
Project("{FAE04EC0-301F-11D3-BF4B-00C04F79EFBC}") = "Unity.VisualScripting.Shared.Editor", "Unity.VisualScripting.Shared.Editor.csproj", "{26C42865-1797-5D6E-72A5-E4D5CE0CDBC3}"
EndProject
Project("{FAE04EC0-301F-11D3-BF4B-00C04F79EFBC}") = "Unity.CollabProxy.Editor", "Unity.CollabProxy.Editor.csproj", "{2D7E29AF-429D-92A7-030C-68D37171082C}"
EndProject
Global
	GlobalSection(SolutionConfigurationPlatforms) = preSolution
		Debug|Any CPU = Debug|Any CPU
		Release|Any CPU = Release|Any CPU
	EndGlobalSection
	GlobalSection(ProjectConfigurationPlatforms) = postSolution
		{56560DE5-1F02-4399-4689-86FED9D11356}.Debug|Any CPU.ActiveCfg = Debug|Any CPU
		{56560DE5-1F02-4399-4689-86FED9D11356}.Debug|Any CPU.Build.0 = Debug|Any CPU
		{56560DE5-1F02-4399-4689-86FED9D11356}.Release|Any CPU.ActiveCfg = Release|Any CPU
		{56560DE5-1F02-4399-4689-86FED9D11356}.Release|Any CPU.Build.0 = Release|Any CPU
		{ADBF53EB-F4E2-20C6-7867-A8F12E458675}.Debug|Any CPU.ActiveCfg = Debug|Any CPU
		{ADBF53EB-F4E2-20C6-7867-A8F12E458675}.Debug|Any CPU.Build.0 = Debug|Any CPU
		{ADBF53EB-F4E2-20C6-7867-A8F12E458675}.Release|Any CPU.ActiveCfg = Release|Any CPU
		{ADBF53EB-F4E2-20C6-7867-A8F12E458675}.Release|Any CPU.Build.0 = Release|Any CPU
		{2E510AF3-9542-6C9F-7A00-C34FF7E46590}.Debug|Any CPU.ActiveCfg = Debug|Any CPU
		{2E510AF3-9542-6C9F-7A00-C34FF7E46590}.Debug|Any CPU.Build.0 = Debug|Any CPU
		{2E510AF3-9542-6C9F-7A00-C34FF7E46590}.Release|Any CPU.ActiveCfg = Release|Any CPU
		{2E510AF3-9542-6C9F-7A00-C34FF7E46590}.Release|Any CPU.Build.0 = Release|Any CPU
		{68024786-E92C-2B36-288B-BA25775158F3}.Debug|Any CPU.ActiveCfg = Debug|Any CPU
		{68024786-E92C-2B36-288B-BA25775158F3}.Debug|Any CPU.Build.0 = Debug|Any CPU
		{68024786-E92C-2B36-288B-BA25775158F3}.Release|Any CPU.ActiveCfg = Release|Any CPU
		{68024786-E92C-2B36-288B-BA25775158F3}.Release|Any CPU.Build.0 = Release|Any CPU
		{24A5EB1F-4742-810F-E03D-16337B163A52}.Debug|Any CPU.ActiveCfg = Debug|Any CPU
		{24A5EB1F-4742-810F-E03D-16337B163A52}.Debug|Any CPU.Build.0 = Debug|Any CPU
		{24A5EB1F-4742-810F-E03D-16337B163A52}.Release|Any CPU.ActiveCfg = Release|Any CPU
		{24A5EB1F-4742-810F-E03D-16337B163A52}.Release|Any CPU.Build.0 = Release|Any CPU
		{01B889F5-CA08-8FE1-BD9E-66904E056ACE}.Debug|Any CPU.ActiveCfg = Debug|Any CPU
		{01B889F5-CA08-8FE1-BD9E-66904E056ACE}.Debug|Any CPU.Build.0 = Debug|Any CPU
		{01B889F5-CA08-8FE1-BD9E-66904E056ACE}.Release|Any CPU.ActiveCfg = Release|Any CPU
		{01B889F5-CA08-8FE1-BD9E-66904E056ACE}.Release|Any CPU.Build.0 = Release|Any CPU
		{09A4FCA7-F183-4D21-36FA-67707B400AAA}.Debug|Any CPU.ActiveCfg = Debug|Any CPU
		{09A4FCA7-F183-4D21-36FA-67707B400AAA}.Debug|Any CPU.Build.0 = Debug|Any CPU
		{09A4FCA7-F183-4D21-36FA-67707B400AAA}.Release|Any CPU.ActiveCfg = Release|Any CPU
		{09A4FCA7-F183-4D21-36FA-67707B400AAA}.Release|Any CPU.Build.0 = Release|Any CPU
		{71ACD4FC-75F5-42D7-7A42-FA73A69E5D60}.Debug|Any CPU.ActiveCfg = Debug|Any CPU
		{71ACD4FC-75F5-42D7-7A42-FA73A69E5D60}.Debug|Any CPU.Build.0 = Debug|Any CPU
		{71ACD4FC-75F5-42D7-7A42-FA73A69E5D60}.Release|Any CPU.ActiveCfg = Release|Any CPU
		{71ACD4FC-75F5-42D7-7A42-FA73A69E5D60}.Release|Any CPU.Build.0 = Release|Any CPU
		{14339ACF-32C1-08E2-343E-F5F3268DC66A}.Debug|Any CPU.ActiveCfg = Debug|Any CPU
		{14339ACF-32C1-08E2-343E-F5F3268DC66A}.Debug|Any CPU.Build.0 = Debug|Any CPU
		{14339ACF-32C1-08E2-343E-F5F3268DC66A}.Release|Any CPU.ActiveCfg = Release|Any CPU
		{14339ACF-32C1-08E2-343E-F5F3268DC66A}.Release|Any CPU.Build.0 = Release|Any CPU
		{CA0F9C2B-B9F3-5B24-29DC-7AEC51087A53}.Debug|Any CPU.ActiveCfg = Debug|Any CPU
		{CA0F9C2B-B9F3-5B24-29DC-7AEC51087A53}.Debug|Any CPU.Build.0 = Debug|Any CPU
		{CA0F9C2B-B9F3-5B24-29DC-7AEC51087A53}.Release|Any CPU.ActiveCfg = Release|Any CPU
		{CA0F9C2B-B9F3-5B24-29DC-7AEC51087A53}.Release|Any CPU.Build.0 = Release|Any CPU
		{AF3C8BAC-46AF-A733-A9AC-304CA199D42F}.Debug|Any CPU.ActiveCfg = Debug|Any CPU
		{AF3C8BAC-46AF-A733-A9AC-304CA199D42F}.Debug|Any CPU.Build.0 = Debug|Any CPU
		{AF3C8BAC-46AF-A733-A9AC-304CA199D42F}.Release|Any CPU.ActiveCfg = Release|Any CPU
		{AF3C8BAC-46AF-A733-A9AC-304CA199D42F}.Release|Any CPU.Build.0 = Release|Any CPU
		{90293987-058C-1C08-154B-6753018ACAA9}.Debug|Any CPU.ActiveCfg = Debug|Any CPU
		{90293987-058C-1C08-154B-6753018ACAA9}.Debug|Any CPU.Build.0 = Debug|Any CPU
		{90293987-058C-1C08-154B-6753018ACAA9}.Release|Any CPU.ActiveCfg = Release|Any CPU
		{90293987-058C-1C08-154B-6753018ACAA9}.Release|Any CPU.Build.0 = Release|Any CPU
		{2F521428-A287-7BE3-6693-CD5B33DDD66D}.Debug|Any CPU.ActiveCfg = Debug|Any CPU
		{2F521428-A287-7BE3-6693-CD5B33DDD66D}.Debug|Any CPU.Build.0 = Debug|Any CPU
		{2F521428-A287-7BE3-6693-CD5B33DDD66D}.Release|Any CPU.ActiveCfg = Release|Any CPU
		{2F521428-A287-7BE3-6693-CD5B33DDD66D}.Release|Any CPU.Build.0 = Release|Any CPU
		{1A8AD1FB-3E53-8331-994D-05EDD9050A2B}.Debug|Any CPU.ActiveCfg = Debug|Any CPU
		{1A8AD1FB-3E53-8331-994D-05EDD9050A2B}.Debug|Any CPU.Build.0 = Debug|Any CPU
		{1A8AD1FB-3E53-8331-994D-05EDD9050A2B}.Release|Any CPU.ActiveCfg = Release|Any CPU
		{1A8AD1FB-3E53-8331-994D-05EDD9050A2B}.Release|Any CPU.Build.0 = Release|Any CPU
		{CA0302AA-F614-75CB-1943-3C89C1C7D317}.Debug|Any CPU.ActiveCfg = Debug|Any CPU
		{CA0302AA-F614-75CB-1943-3C89C1C7D317}.Debug|Any CPU.Build.0 = Debug|Any CPU
		{CA0302AA-F614-75CB-1943-3C89C1C7D317}.Release|Any CPU.ActiveCfg = Release|Any CPU
		{CA0302AA-F614-75CB-1943-3C89C1C7D317}.Release|Any CPU.Build.0 = Release|Any CPU
		{38A50BA5-6725-B6F3-6118-EB2D97A8E976}.Debug|Any CPU.ActiveCfg = Debug|Any CPU
		{38A50BA5-6725-B6F3-6118-EB2D97A8E976}.Debug|Any CPU.Build.0 = Debug|Any CPU
		{38A50BA5-6725-B6F3-6118-EB2D97A8E976}.Release|Any CPU.ActiveCfg = Release|Any CPU
		{38A50BA5-6725-B6F3-6118-EB2D97A8E976}.Release|Any CPU.Build.0 = Release|Any CPU
		{D8C42B0E-E728-DD21-DCB4-DB5D34CAFF4E}.Debug|Any CPU.ActiveCfg = Debug|Any CPU
		{D8C42B0E-E728-DD21-DCB4-DB5D34CAFF4E}.Debug|Any CPU.Build.0 = Debug|Any CPU
		{D8C42B0E-E728-DD21-DCB4-DB5D34CAFF4E}.Release|Any CPU.ActiveCfg = Release|Any CPU
		{D8C42B0E-E728-DD21-DCB4-DB5D34CAFF4E}.Release|Any CPU.Build.0 = Release|Any CPU
		{F2A9797C-0D35-57BD-B7F6-30ACC0B7E2CB}.Debug|Any CPU.ActiveCfg = Debug|Any CPU
		{F2A9797C-0D35-57BD-B7F6-30ACC0B7E2CB}.Debug|Any CPU.Build.0 = Debug|Any CPU
		{F2A9797C-0D35-57BD-B7F6-30ACC0B7E2CB}.Release|Any CPU.ActiveCfg = Release|Any CPU
		{F2A9797C-0D35-57BD-B7F6-30ACC0B7E2CB}.Release|Any CPU.Build.0 = Release|Any CPU
		{918E7969-5DB5-FA88-2233-905CC807DFCD}.Debug|Any CPU.ActiveCfg = Debug|Any CPU
		{918E7969-5DB5-FA88-2233-905CC807DFCD}.Debug|Any CPU.Build.0 = Debug|Any CPU
		{918E7969-5DB5-FA88-2233-905CC807DFCD}.Release|Any CPU.ActiveCfg = Release|Any CPU
		{918E7969-5DB5-FA88-2233-905CC807DFCD}.Release|Any CPU.Build.0 = Release|Any CPU
		{B9A78C0B-A07C-0E19-20B6-B1BF2B8EAFFE}.Debug|Any CPU.ActiveCfg = Debug|Any CPU
		{B9A78C0B-A07C-0E19-20B6-B1BF2B8EAFFE}.Debug|Any CPU.Build.0 = Debug|Any CPU
		{B9A78C0B-A07C-0E19-20B6-B1BF2B8EAFFE}.Release|Any CPU.ActiveCfg = Release|Any CPU
		{B9A78C0B-A07C-0E19-20B6-B1BF2B8EAFFE}.Release|Any CPU.Build.0 = Release|Any CPU
		{9E6278F8-21AF-0871-6AB4-8E7AA44168BF}.Debug|Any CPU.ActiveCfg = Debug|Any CPU
		{9E6278F8-21AF-0871-6AB4-8E7AA44168BF}.Debug|Any CPU.Build.0 = Debug|Any CPU
		{9E6278F8-21AF-0871-6AB4-8E7AA44168BF}.Release|Any CPU.ActiveCfg = Release|Any CPU
		{9E6278F8-21AF-0871-6AB4-8E7AA44168BF}.Release|Any CPU.Build.0 = Release|Any CPU
		{8B19DA5C-25BB-54A6-01B7-F039D9EE5775}.Debug|Any CPU.ActiveCfg = Debug|Any CPU
		{8B19DA5C-25BB-54A6-01B7-F039D9EE5775}.Debug|Any CPU.Build.0 = Debug|Any CPU
		{8B19DA5C-25BB-54A6-01B7-F039D9EE5775}.Release|Any CPU.ActiveCfg = Release|Any CPU
		{8B19DA5C-25BB-54A6-01B7-F039D9EE5775}.Release|Any CPU.Build.0 = Release|Any CPU
		{C423E541-CCF7-DF34-F68D-B943C5D51086}.Debug|Any CPU.ActiveCfg = Debug|Any CPU
		{C423E541-CCF7-DF34-F68D-B943C5D51086}.Debug|Any CPU.Build.0 = Debug|Any CPU
		{C423E541-CCF7-DF34-F68D-B943C5D51086}.Release|Any CPU.ActiveCfg = Release|Any CPU
		{C423E541-CCF7-DF34-F68D-B943C5D51086}.Release|Any CPU.Build.0 = Release|Any CPU
		{20B44597-F538-B2E8-4BFB-0C98F75F0776}.Debug|Any CPU.ActiveCfg = Debug|Any CPU
		{20B44597-F538-B2E8-4BFB-0C98F75F0776}.Debug|Any CPU.Build.0 = Debug|Any CPU
		{20B44597-F538-B2E8-4BFB-0C98F75F0776}.Release|Any CPU.ActiveCfg = Release|Any CPU
		{20B44597-F538-B2E8-4BFB-0C98F75F0776}.Release|Any CPU.Build.0 = Release|Any CPU
		{26C42865-1797-5D6E-72A5-E4D5CE0CDBC3}.Debug|Any CPU.ActiveCfg = Debug|Any CPU
		{26C42865-1797-5D6E-72A5-E4D5CE0CDBC3}.Debug|Any CPU.Build.0 = Debug|Any CPU
		{26C42865-1797-5D6E-72A5-E4D5CE0CDBC3}.Release|Any CPU.ActiveCfg = Release|Any CPU
		{26C42865-1797-5D6E-72A5-E4D5CE0CDBC3}.Release|Any CPU.Build.0 = Release|Any CPU
		{2D7E29AF-429D-92A7-030C-68D37171082C}.Debug|Any CPU.ActiveCfg = Debug|Any CPU
		{2D7E29AF-429D-92A7-030C-68D37171082C}.Debug|Any CPU.Build.0 = Debug|Any CPU
		{2D7E29AF-429D-92A7-030C-68D37171082C}.Release|Any CPU.ActiveCfg = Release|Any CPU
		{2D7E29AF-429D-92A7-030C-68D37171082C}.Release|Any CPU.Build.0 = Release|Any CPU
	EndGlobalSection
	GlobalSection(SolutionProperties) = preSolution
		HideSolutionNode = FALSE
	EndGlobalSection
EndGlobal
